// !$*UTF8*$!
{
	archiveVersion = 1;
	classes = {
	};
	objectVersion = 46;
	objects = {

/* Begin PBXBuildFile section */
		918714011E8C4BBB008A110D /* AppDelegate.swift in Sources */ = {isa = PBXBuildFile; fileRef = 918714001E8C4BBB008A110D /* AppDelegate.swift */; };
		918714031E8C4BBB008A110D /* ViewController.swift in Sources */ = {isa = PBXBuildFile; fileRef = 918714021E8C4BBB008A110D /* ViewController.swift */; };
		918714061E8C4BBC008A110D /* Main.storyboard in Resources */ = {isa = PBXBuildFile; fileRef = 918714041E8C4BBC008A110D /* Main.storyboard */; };
		918714081E8C4BBC008A110D /* Assets.xcassets in Resources */ = {isa = PBXBuildFile; fileRef = 918714071E8C4BBC008A110D /* Assets.xcassets */; };
		9187140B1E8C4BBC008A110D /* LaunchScreen.storyboard in Resources */ = {isa = PBXBuildFile; fileRef = 918714091E8C4BBC008A110D /* LaunchScreen.storyboard */; };
		918714161E8C4BBC008A110D /* Hello_iOSTests.swift in Sources */ = {isa = PBXBuildFile; fileRef = 918714151E8C4BBC008A110D /* Hello_iOSTests.swift */; };
		918714211E8C4BBC008A110D /* Hello_iOSUITests.swift in Sources */ = {isa = PBXBuildFile; fileRef = 918714201E8C4BBC008A110D /* Hello_iOSUITests.swift */; };
/* End PBXBuildFile section */

/* Begin PBXContainerItemProxy section */
		918714121E8C4BBC008A110D /* PBXContainerItemProxy */ = {
			isa = PBXContainerItemProxy;
			containerPortal = 918713F51E8C4BBB008A110D /* Project object */;
			proxyType = 1;
			remoteGlobalIDString = 918713FC1E8C4BBB008A110D;
			remoteInfo = "Hello-iOS";
		};
		9187141D1E8C4BBC008A110D /* PBXContainerItemProxy */ = {
			isa = PBXContainerItemProxy;
			containerPortal = 918713F51E8C4BBB008A110D /* Project object */;
			proxyType = 1;
			remoteGlobalIDString = 918713FC1E8C4BBB008A110D;
			remoteInfo = "Hello-iOS";
		};
/* End PBXContainerItemProxy section */

/* Begin PBXFileReference section */
		918713FD1E8C4BBB008A110D /* Hello-iOS.app */ = {isa = PBXFileReference; explicitFileType = wrapper.application; includeInIndex = 0; path = "Hello-iOS.app"; sourceTree = BUILT_PRODUCTS_DIR; };
		918714001E8C4BBB008A110D /* AppDelegate.swift */ = {isa = PBXFileReference; lastKnownFileType = sourcecode.swift; path = AppDelegate.swift; sourceTree = "<group>"; };
		918714021E8C4BBB008A110D /* ViewController.swift */ = {isa = PBXFileReference; lastKnownFileType = sourcecode.swift; path = ViewController.swift; sourceTree = "<group>"; };
		918714051E8C4BBC008A110D /* Base */ = {isa = PBXFileReference; lastKnownFileType = file.storyboard; name = Base; path = Base.lproj/Main.storyboard; sourceTree = "<group>"; };
		918714071E8C4BBC008A110D /* Assets.xcassets */ = {isa = PBXFileReference; lastKnownFileType = folder.assetcatalog; path = Assets.xcassets; sourceTree = "<group>"; };
		9187140A1E8C4BBC008A110D /* Base */ = {isa = PBXFileReference; lastKnownFileType = file.storyboard; name = Base; path = Base.lproj/LaunchScreen.storyboard; sourceTree = "<group>"; };
		9187140C1E8C4BBC008A110D /* Info.plist */ = {isa = PBXFileReference; lastKnownFileType = text.plist.xml; path = Info.plist; sourceTree = "<group>"; };
		918714111E8C4BBC008A110D /* Hello-iOSTests.xctest */ = {isa = PBXFileReference; explicitFileType = wrapper.cfbundle; includeInIndex = 0; path = "Hello-iOSTests.xctest"; sourceTree = BUILT_PRODUCTS_DIR; };
		918714151E8C4BBC008A110D /* Hello_iOSTests.swift */ = {isa = PBXFileReference; lastKnownFileType = sourcecode.swift; path = Hello_iOSTests.swift; sourceTree = "<group>"; };
		918714171E8C4BBC008A110D /* Info.plist */ = {isa = PBXFileReference; lastKnownFileType = text.plist.xml; path = Info.plist; sourceTree = "<group>"; };
		9187141C1E8C4BBC008A110D /* Hello-iOSUITests.xctest */ = {isa = PBXFileReference; explicitFileType = wrapper.cfbundle; includeInIndex = 0; path = "Hello-iOSUITests.xctest"; sourceTree = BUILT_PRODUCTS_DIR; };
		918714201E8C4BBC008A110D /* Hello_iOSUITests.swift */ = {isa = PBXFileReference; lastKnownFileType = sourcecode.swift; path = Hello_iOSUITests.swift; sourceTree = "<group>"; };
		918714221E8C4BBC008A110D /* Info.plist */ = {isa = PBXFileReference; lastKnownFileType = text.plist.xml; path = Info.plist; sourceTree = "<group>"; };
/* End PBXFileReference section */

/* Begin PBXFrameworksBuildPhase section */
		918713FA1E8C4BBB008A110D /* Frameworks */ = {
			isa = PBXFrameworksBuildPhase;
			buildActionMask = 2147483647;
			files = (
			);
			runOnlyForDeploymentPostprocessing = 0;
		};
		9187140E1E8C4BBC008A110D /* Frameworks */ = {
			isa = PBXFrameworksBuildPhase;
			buildActionMask = 2147483647;
			files = (
			);
			runOnlyForDeploymentPostprocessing = 0;
		};
		918714191E8C4BBC008A110D /* Frameworks */ = {
			isa = PBXFrameworksBuildPhase;
			buildActionMask = 2147483647;
			files = (
			);
			runOnlyForDeploymentPostprocessing = 0;
		};
/* End PBXFrameworksBuildPhase section */

/* Begin PBXGroup section */
		918713F41E8C4BBB008A110D = {
			isa = PBXGroup;
			children = (
				918713FF1E8C4BBB008A110D /* Hello-iOS */,
				918714141E8C4BBC008A110D /* Hello-iOSTests */,
				9187141F1E8C4BBC008A110D /* Hello-iOSUITests */,
				918713FE1E8C4BBB008A110D /* Products */,
			);
			sourceTree = "<group>";
		};
		918713FE1E8C4BBB008A110D /* Products */ = {
			isa = PBXGroup;
			children = (
				918713FD1E8C4BBB008A110D /* Hello-iOS.app */,
				918714111E8C4BBC008A110D /* Hello-iOSTests.xctest */,
				9187141C1E8C4BBC008A110D /* Hello-iOSUITests.xctest */,
			);
			name = Products;
			sourceTree = "<group>";
		};
		918713FF1E8C4BBB008A110D /* Hello-iOS */ = {
			isa = PBXGroup;
			children = (
				918714001E8C4BBB008A110D /* AppDelegate.swift */,
				918714021E8C4BBB008A110D /* ViewController.swift */,
				918714041E8C4BBC008A110D /* Main.storyboard */,
				918714071E8C4BBC008A110D /* Assets.xcassets */,
				918714091E8C4BBC008A110D /* LaunchScreen.storyboard */,
				9187140C1E8C4BBC008A110D /* Info.plist */,
			);
			path = "Hello-iOS";
			sourceTree = "<group>";
		};
		918714141E8C4BBC008A110D /* Hello-iOSTests */ = {
			isa = PBXGroup;
			children = (
				918714151E8C4BBC008A110D /* Hello_iOSTests.swift */,
				918714171E8C4BBC008A110D /* Info.plist */,
			);
			path = "Hello-iOSTests";
			sourceTree = "<group>";
		};
		9187141F1E8C4BBC008A110D /* Hello-iOSUITests */ = {
			isa = PBXGroup;
			children = (
				918714201E8C4BBC008A110D /* Hello_iOSUITests.swift */,
				918714221E8C4BBC008A110D /* Info.plist */,
			);
			path = "Hello-iOSUITests";
			sourceTree = "<group>";
		};
/* End PBXGroup section */

/* Begin PBXNativeTarget section */
		918713FC1E8C4BBB008A110D /* Hello-iOS */ = {
			isa = PBXNativeTarget;
			buildConfigurationList = 918714251E8C4BBC008A110D /* Build configuration list for PBXNativeTarget "Hello-iOS" */;
			buildPhases = (
				918713F91E8C4BBB008A110D /* Sources */,
				918713FA1E8C4BBB008A110D /* Frameworks */,
				918713FB1E8C4BBB008A110D /* Resources */,
			);
			buildRules = (
			);
			dependencies = (
			);
			name = "Hello-iOS";
			productName = "Hello-iOS";
			productReference = 918713FD1E8C4BBB008A110D /* Hello-iOS.app */;
			productType = "com.apple.product-type.application";
		};
		918714101E8C4BBC008A110D /* Hello-iOSTests */ = {
			isa = PBXNativeTarget;
			buildConfigurationList = 918714281E8C4BBC008A110D /* Build configuration list for PBXNativeTarget "Hello-iOSTests" */;
			buildPhases = (
				9187140D1E8C4BBC008A110D /* Sources */,
				9187140E1E8C4BBC008A110D /* Frameworks */,
				9187140F1E8C4BBC008A110D /* Resources */,
			);
			buildRules = (
			);
			dependencies = (
				918714131E8C4BBC008A110D /* PBXTargetDependency */,
			);
			name = "Hello-iOSTests";
			productName = "Hello-iOSTests";
			productReference = 918714111E8C4BBC008A110D /* Hello-iOSTests.xctest */;
			productType = "com.apple.product-type.bundle.unit-test";
		};
		9187141B1E8C4BBC008A110D /* Hello-iOSUITests */ = {
			isa = PBXNativeTarget;
			buildConfigurationList = 9187142B1E8C4BBC008A110D /* Build configuration list for PBXNativeTarget "Hello-iOSUITests" */;
			buildPhases = (
				918714181E8C4BBC008A110D /* Sources */,
				918714191E8C4BBC008A110D /* Frameworks */,
				9187141A1E8C4BBC008A110D /* Resources */,
			);
			buildRules = (
			);
			dependencies = (
				9187141E1E8C4BBC008A110D /* PBXTargetDependency */,
			);
			name = "Hello-iOSUITests";
			productName = "Hello-iOSUITests";
			productReference = 9187141C1E8C4BBC008A110D /* Hello-iOSUITests.xctest */;
			productType = "com.apple.product-type.bundle.ui-testing";
		};
/* End PBXNativeTarget section */

/* Begin PBXProject section */
		918713F51E8C4BBB008A110D /* Project object */ = {
			isa = PBXProject;
			attributes = {
				LastSwiftUpdateCheck = 0830;
				LastUpgradeCheck = 0830;
				ORGANIZATIONNAME = saifm;
				TargetAttributes = {
					918713FC1E8C4BBB008A110D = {
						CreatedOnToolsVersion = 8.3;
						DevelopmentTeam = 94AJVGS3N2;
						ProvisioningStyle = Automatic;
					};
					918714101E8C4BBC008A110D = {
						CreatedOnToolsVersion = 8.3;
						DevelopmentTeam = 94AJVGS3N2;
						ProvisioningStyle = Automatic;
						TestTargetID = 918713FC1E8C4BBB008A110D;
					};
					9187141B1E8C4BBC008A110D = {
						CreatedOnToolsVersion = 8.3;
						DevelopmentTeam = 94AJVGS3N2;
						ProvisioningStyle = Automatic;
						TestTargetID = 918713FC1E8C4BBB008A110D;
					};
				};
			};
			buildConfigurationList = 918713F81E8C4BBB008A110D /* Build configuration list for PBXProject "Hello-iOS" */;
			compatibilityVersion = "Xcode 3.2";
			developmentRegion = English;
			hasScannedForEncodings = 0;
			knownRegions = (
				en,
				Base,
			);
			mainGroup = 918713F41E8C4BBB008A110D;
			productRefGroup = 918713FE1E8C4BBB008A110D /* Products */;
			projectDirPath = "";
			projectRoot = "";
			targets = (
				918713FC1E8C4BBB008A110D /* Hello-iOS */,
				918714101E8C4BBC008A110D /* Hello-iOSTests */,
				9187141B1E8C4BBC008A110D /* Hello-iOSUITests */,
			);
		};
/* End PBXProject section */

/* Begin PBXResourcesBuildPhase section */
		918713FB1E8C4BBB008A110D /* Resources */ = {
			isa = PBXResourcesBuildPhase;
			buildActionMask = 2147483647;
			files = (
				9187140B1E8C4BBC008A110D /* LaunchScreen.storyboard in Resources */,
				918714081E8C4BBC008A110D /* Assets.xcassets in Resources */,
				918714061E8C4BBC008A110D /* Main.storyboard in Resources */,
			);
			runOnlyForDeploymentPostprocessing = 0;
		};
		9187140F1E8C4BBC008A110D /* Resources */ = {
			isa = PBXResourcesBuildPhase;
			buildActionMask = 2147483647;
			files = (
			);
			runOnlyForDeploymentPostprocessing = 0;
		};
		9187141A1E8C4BBC008A110D /* Resources */ = {
			isa = PBXResourcesBuildPhase;
			buildActionMask = 2147483647;
			files = (
			);
			runOnlyForDeploymentPostprocessing = 0;
		};
/* End PBXResourcesBuildPhase section */

/* Begin PBXSourcesBuildPhase section */
		918713F91E8C4BBB008A110D /* Sources */ = {
			isa = PBXSourcesBuildPhase;
			buildActionMask = 2147483647;
			files = (
				918714031E8C4BBB008A110D /* ViewController.swift in Sources */,
				918714011E8C4BBB008A110D /* AppDelegate.swift in Sources */,
			);
			runOnlyForDeploymentPostprocessing = 0;
		};
		9187140D1E8C4BBC008A110D /* Sources */ = {
			isa = PBXSourcesBuildPhase;
			buildActionMask = 2147483647;
			files = (
				918714161E8C4BBC008A110D /* Hello_iOSTests.swift in Sources */,
			);
			runOnlyForDeploymentPostprocessing = 0;
		};
		918714181E8C4BBC008A110D /* Sources */ = {
			isa = PBXSourcesBuildPhase;
			buildActionMask = 2147483647;
			files = (
				918714211E8C4BBC008A110D /* Hello_iOSUITests.swift in Sources */,
			);
			runOnlyForDeploymentPostprocessing = 0;
		};
/* End PBXSourcesBuildPhase section */

/* Begin PBXTargetDependency section */
		918714131E8C4BBC008A110D /* PBXTargetDependency */ = {
			isa = PBXTargetDependency;
			target = 918713FC1E8C4BBB008A110D /* Hello-iOS */;
			targetProxy = 918714121E8C4BBC008A110D /* PBXContainerItemProxy */;
		};
		9187141E1E8C4BBC008A110D /* PBXTargetDependency */ = {
			isa = PBXTargetDependency;
			target = 918713FC1E8C4BBB008A110D /* Hello-iOS */;
			targetProxy = 9187141D1E8C4BBC008A110D /* PBXContainerItemProxy */;
		};
/* End PBXTargetDependency section */

/* Begin PBXVariantGroup section */
		918714041E8C4BBC008A110D /* Main.storyboard */ = {
			isa = PBXVariantGroup;
			children = (
				918714051E8C4BBC008A110D /* Base */,
			);
			name = Main.storyboard;
			sourceTree = "<group>";
		};
		918714091E8C4BBC008A110D /* LaunchScreen.storyboard */ = {
			isa = PBXVariantGroup;
			children = (
				9187140A1E8C4BBC008A110D /* Base */,
			);
			name = LaunchScreen.storyboard;
			sourceTree = "<group>";
		};
/* End PBXVariantGroup section */

/* Begin XCBuildConfiguration section */
		918714231E8C4BBC008A110D /* Debug */ = {
			isa = XCBuildConfiguration;
			buildSettings = {
				ALWAYS_SEARCH_USER_PATHS = NO;
				CLANG_ANALYZER_NONNULL = YES;
				CLANG_ANALYZER_NUMBER_OBJECT_CONVERSION = YES_AGGRESSIVE;
				CLANG_CXX_LANGUAGE_STANDARD = "gnu++0x";
				CLANG_CXX_LIBRARY = "libc++";
				CLANG_ENABLE_MODULES = YES;
				CLANG_ENABLE_OBJC_ARC = YES;
				CLANG_WARN_BOOL_CONVERSION = YES;
				CLANG_WARN_CONSTANT_CONVERSION = YES;
				CLANG_WARN_DIRECT_OBJC_ISA_USAGE = YES_ERROR;
				CLANG_WARN_DOCUMENTATION_COMMENTS = YES;
				CLANG_WARN_EMPTY_BODY = YES;
				CLANG_WARN_ENUM_CONVERSION = YES;
				CLANG_WARN_INFINITE_RECURSION = YES;
				CLANG_WARN_INT_CONVERSION = YES;
				CLANG_WARN_OBJC_ROOT_CLASS = YES_ERROR;
				CLANG_WARN_SUSPICIOUS_MOVE = YES;
				CLANG_WARN_UNREACHABLE_CODE = YES;
				CLANG_WARN__DUPLICATE_METHOD_MATCH = YES;
				"CODE_SIGN_IDENTITY[sdk=iphoneos*]" = "iPhone Developer";
				COPY_PHASE_STRIP = NO;
				DEBUG_INFORMATION_FORMAT = dwarf;
				ENABLE_STRICT_OBJC_MSGSEND = YES;
				ENABLE_TESTABILITY = YES;
				GCC_C_LANGUAGE_STANDARD = gnu99;
				GCC_DYNAMIC_NO_PIC = NO;
				GCC_NO_COMMON_BLOCKS = YES;
				GCC_OPTIMIZATION_LEVEL = 0;
				GCC_PREPROCESSOR_DEFINITIONS = (
					"DEBUG=1",
					"$(inherited)",
				);
				GCC_WARN_64_TO_32_BIT_CONVERSION = YES;
				GCC_WARN_ABOUT_RETURN_TYPE = YES_ERROR;
				GCC_WARN_UNDECLARED_SELECTOR = YES;
				GCC_WARN_UNINITIALIZED_AUTOS = YES_AGGRESSIVE;
				GCC_WARN_UNUSED_FUNCTION = YES;
				GCC_WARN_UNUSED_VARIABLE = YES;
				IPHONEOS_DEPLOYMENT_TARGET = 10.3;
				MTL_ENABLE_DEBUG_INFO = YES;
				ONLY_ACTIVE_ARCH = YES;
				SDKROOT = iphoneos;
				SWIFT_ACTIVE_COMPILATION_CONDITIONS = DEBUG;
				SWIFT_OPTIMIZATION_LEVEL = "-Onone";
				TARGETED_DEVICE_FAMILY = "1,2";
			};
			name = Debug;
		};
		918714241E8C4BBC008A110D /* Release */ = {
			isa = XCBuildConfiguration;
			buildSettings = {
				ALWAYS_SEARCH_USER_PATHS = NO;
				CLANG_ANALYZER_NONNULL = YES;
				CLANG_ANALYZER_NUMBER_OBJECT_CONVERSION = YES_AGGRESSIVE;
				CLANG_CXX_LANGUAGE_STANDARD = "gnu++0x";
				CLANG_CXX_LIBRARY = "libc++";
				CLANG_ENABLE_MODULES = YES;
				CLANG_ENABLE_OBJC_ARC = YES;
				CLANG_WARN_BOOL_CONVERSION = YES;
				CLANG_WARN_CONSTANT_CONVERSION = YES;
				CLANG_WARN_DIRECT_OBJC_ISA_USAGE = YES_ERROR;
				CLANG_WARN_DOCUMENTATION_COMMENTS = YES;
				CLANG_WARN_EMPTY_BODY = YES;
				CLANG_WARN_ENUM_CONVERSION = YES;
				CLANG_WARN_INFINITE_RECURSION = YES;
				CLANG_WARN_INT_CONVERSION = YES;
				CLANG_WARN_OBJC_ROOT_CLASS = YES_ERROR;
				CLANG_WARN_SUSPICIOUS_MOVE = YES;
				CLANG_WARN_UNREACHABLE_CODE = YES;
				CLANG_WARN__DUPLICATE_METHOD_MATCH = YES;
				"CODE_SIGN_IDENTITY[sdk=iphoneos*]" = "iPhone Developer";
				COPY_PHASE_STRIP = NO;
				DEBUG_INFORMATION_FORMAT = "dwarf-with-dsym";
				ENABLE_NS_ASSERTIONS = NO;
				ENABLE_STRICT_OBJC_MSGSEND = YES;
				GCC_C_LANGUAGE_STANDARD = gnu99;
				GCC_NO_COMMON_BLOCKS = YES;
				GCC_WARN_64_TO_32_BIT_CONVERSION = YES;
				GCC_WARN_ABOUT_RETURN_TYPE = YES_ERROR;
				GCC_WARN_UNDECLARED_SELECTOR = YES;
				GCC_WARN_UNINITIALIZED_AUTOS = YES_AGGRESSIVE;
				GCC_WARN_UNUSED_FUNCTION = YES;
				GCC_WARN_UNUSED_VARIABLE = YES;
				IPHONEOS_DEPLOYMENT_TARGET = 10.3;
				MTL_ENABLE_DEBUG_INFO = NO;
				SDKROOT = iphoneos;
				SWIFT_OPTIMIZATION_LEVEL = "-Owholemodule";
				TARGETED_DEVICE_FAMILY = "1,2";
				VALIDATE_PRODUCT = YES;
			};
			name = Release;
		};
		918714261E8C4BBC008A110D /* Debug */ = {
			isa = XCBuildConfiguration;
			buildSettings = {
				ASSETCATALOG_COMPILER_APPICON_NAME = AppIcon;
				DEVELOPMENT_TEAM = 94AJVGS3N2;
				INFOPLIST_FILE = "Hello-iOS/Info.plist";
				LD_RUNPATH_SEARCH_PATHS = "$(inherited) @executable_path/Frameworks";
				PRODUCT_BUNDLE_IDENTIFIER = "com.saifm.Hello-iOS";
				PRODUCT_NAME = "$(TARGET_NAME)";
				SWIFT_VERSION = 3.0;
			};
			name = Debug;
		};
		918714271E8C4BBC008A110D /* Release */ = {
			isa = XCBuildConfiguration;
			buildSettings = {
				ASSETCATALOG_COMPILER_APPICON_NAME = AppIcon;
				DEVELOPMENT_TEAM = 94AJVGS3N2;
				INFOPLIST_FILE = "Hello-iOS/Info.plist";
				LD_RUNPATH_SEARCH_PATHS = "$(inherited) @executable_path/Frameworks";
				PRODUCT_BUNDLE_IDENTIFIER = "com.saifm.Hello-iOS";
				PRODUCT_NAME = "$(TARGET_NAME)";
				SWIFT_VERSION = 3.0;
			};
			name = Release;
		};
		918714291E8C4BBC008A110D /* Debug */ = {
			isa = XCBuildConfiguration;
			buildSettings = {
				ALWAYS_EMBED_SWIFT_STANDARD_LIBRARIES = YES;
				BUNDLE_LOADER = "$(TEST_HOST)";
				DEVELOPMENT_TEAM = 94AJVGS3N2;
				INFOPLIST_FILE = "Hello-iOSTests/Info.plist";
				LD_RUNPATH_SEARCH_PATHS = "$(inherited) @executable_path/Frameworks @loader_path/Frameworks";
				PRODUCT_BUNDLE_IDENTIFIER = "com.saifm.Hello-iOSTests";
				PRODUCT_NAME = "$(TARGET_NAME)";
				SWIFT_VERSION = 3.0;
				TEST_HOST = "$(BUILT_PRODUCTS_DIR)/Hello-iOS.app/Hello-iOS";
			};
			name = Debug;
		};
		9187142A1E8C4BBC008A110D /* Release */ = {
			isa = XCBuildConfiguration;
			buildSettings = {
				ALWAYS_EMBED_SWIFT_STANDARD_LIBRARIES = YES;
				BUNDLE_LOADER = "$(TEST_HOST)";
				DEVELOPMENT_TEAM = 94AJVGS3N2;
				INFOPLIST_FILE = "Hello-iOSTests/Info.plist";
				LD_RUNPATH_SEARCH_PATHS = "$(inherited) @executable_path/Frameworks @loader_path/Frameworks";
				PRODUCT_BUNDLE_IDENTIFIER = "com.saifm.Hello-iOSTests";
				PRODUCT_NAME = "$(TARGET_NAME)";
				SWIFT_VERSION = 3.0;
				TEST_HOST = "$(BUILT_PRODUCTS_DIR)/Hello-iOS.app/Hello-iOS";
			};
			name = Release;
		};
		9187142C1E8C4BBC008A110D /* Debug */ = {
			isa = XCBuildConfiguration;
			buildSettings = {
				ALWAYS_EMBED_SWIFT_STANDARD_LIBRARIES = YES;
				DEVELOPMENT_TEAM = 94AJVGS3N2;
				INFOPLIST_FILE = "Hello-iOSUITests/Info.plist";
				LD_RUNPATH_SEARCH_PATHS = "$(inherited) @executable_path/Frameworks @loader_path/Frameworks";
				PRODUCT_BUNDLE_IDENTIFIER = "com.saifm.Hello-iOSUITests";
				PRODUCT_NAME = "$(TARGET_NAME)";
				SWIFT_VERSION = 3.0;
				TEST_TARGET_NAME = "Hello-iOS";
			};
			name = Debug;
		};
		9187142D1E8C4BBC008A110D /* Release */ = {
			isa = XCBuildConfiguration;
			buildSettings = {
				ALWAYS_EMBED_SWIFT_STANDARD_LIBRARIES = YES;
				DEVELOPMENT_TEAM = 94AJVGS3N2;
				INFOPLIST_FILE = "Hello-iOSUITests/Info.plist";
				LD_RUNPATH_SEARCH_PATHS = "$(inherited) @executable_path/Frameworks @loader_path/Frameworks";
				PRODUCT_BUNDLE_IDENTIFIER = "com.saifm.Hello-iOSUITests";
				PRODUCT_NAME = "$(TARGET_NAME)";
				SWIFT_VERSION = 3.0;
				TEST_TARGET_NAME = "Hello-iOS";
			};
			name = Release;
		};
/* End XCBuildConfiguration section */

/* Begin XCConfigurationList section */
		918713F81E8C4BBB008A110D /* Build configuration list for PBXProject "Hello-iOS" */ = {
			isa = XCConfigurationList;
			buildConfigurations = (
				918714231E8C4BBC008A110D /* Debug */,
				918714241E8C4BBC008A110D /* Release */,
			);
			defaultConfigurationIsVisible = 0;
			defaultConfigurationName = Release;
		};
		918714251E8C4BBC008A110D /* Build configuration list for PBXNativeTarget "Hello-iOS" */ = {
			isa = XCConfigurationList;
			buildConfigurations = (
				918714261E8C4BBC008A110D /* Debug */,
				918714271E8C4BBC008A110D /* Release */,
			);
			defaultConfigurationIsVisible = 0;
		};
		918714281E8C4BBC008A110D /* Build configuration list for PBXNativeTarget "Hello-iOSTests" */ = {
			isa = XCConfigurationList;
			buildConfigurations = (
				918714291E8C4BBC008A110D /* Debug */,
				9187142A1E8C4BBC008A110D /* Release */,
			);
			defaultConfigurationIsVisible = 0;
		};
		9187142B1E8C4BBC008A110D /* Build configuration list for PBXNativeTarget "Hello-iOSUITests" */ = {
			isa = XCConfigurationList;
			buildConfigurations = (
				9187142C1E8C4BBC008A110D /* Debug */,
				9187142D1E8C4BBC008A110D /* Release */,
			);
			defaultConfigurationIsVisible = 0;
		};
/* End XCConfigurationList section */
	};
	rootObject = 918713F51E8C4BBB008A110D /* Project object */;
}
